// !$*UTF8*$!
{
	archiveVersion = 1;
	classes = {
	};
	objectVersion = 46;
	objects = {

/* Begin PBXBuildFile section */
		219C20CF023BCC15A88FC526 /* libPods.a in Frameworks */ = {isa = PBXBuildFile; fileRef = 2C16A6F4D7BE61058DD4B2E2 /* libPods.a */; };
		22CA7FF21BE526D2006C4144 /* MeetupsViewController.m in Sources */ = {isa = PBXBuildFile; fileRef = 22CA7FF11BE526D2006C4144 /* MeetupsViewController.m */; settings = {ASSET_TAGS = (); }; };
		22CA7FF51BE526F4006C4144 /* MeetupDetailViewController.m in Sources */ = {isa = PBXBuildFile; fileRef = 22CA7FF41BE526F4006C4144 /* MeetupDetailViewController.m */; settings = {ASSET_TAGS = (); }; };
		22CA7FF81BE52715006C4144 /* ChooseMentorCollectionViewController.m in Sources */ = {isa = PBXBuildFile; fileRef = 22CA7FF71BE52715006C4144 /* ChooseMentorCollectionViewController.m */; settings = {ASSET_TAGS = (); }; };
		22CA7FFB1BE52744006C4144 /* MyConnectionsTableViewController.m in Sources */ = {isa = PBXBuildFile; fileRef = 22CA7FFA1BE52744006C4144 /* MyConnectionsTableViewController.m */; settings = {ASSET_TAGS = (); }; };
		22CA7FFE1BE5275C006C4144 /* ChatViewController.m in Sources */ = {isa = PBXBuildFile; fileRef = 22CA7FFD1BE5275C006C4144 /* ChatViewController.m */; settings = {ASSET_TAGS = (); }; };
		3B77F9EC1BE5112A004020E4 /* main.m in Sources */ = {isa = PBXBuildFile; fileRef = 3B77F9EB1BE5112A004020E4 /* main.m */; };
		3B77F9EF1BE5112A004020E4 /* AppDelegate.m in Sources */ = {isa = PBXBuildFile; fileRef = 3B77F9EE1BE5112A004020E4 /* AppDelegate.m */; };
		3B77F9F51BE5112A004020E4 /* Main.storyboard in Resources */ = {isa = PBXBuildFile; fileRef = 3B77F9F31BE5112A004020E4 /* Main.storyboard */; };
		3B77F9F71BE5112A004020E4 /* Assets.xcassets in Resources */ = {isa = PBXBuildFile; fileRef = 3B77F9F61BE5112A004020E4 /* Assets.xcassets */; };
		3B77F9FA1BE5112A004020E4 /* LaunchScreen.storyboard in Resources */ = {isa = PBXBuildFile; fileRef = 3B77F9F81BE5112A004020E4 /* LaunchScreen.storyboard */; };
		5D761C531BE528CC00262204 /* MeetupManager.m in Sources */ = {isa = PBXBuildFile; fileRef = 5D761C521BE528CC00262204 /* MeetupManager.m */; settings = {ASSET_TAGS = (); }; };
/* End PBXBuildFile section */

/* Begin PBXFileReference section */
		22CA7FF01BE526D2006C4144 /* MeetupsViewController.h */ = {isa = PBXFileReference; fileEncoding = 4; lastKnownFileType = sourcecode.c.h; path = MeetupsViewController.h; sourceTree = "<group>"; };
		22CA7FF11BE526D2006C4144 /* MeetupsViewController.m */ = {isa = PBXFileReference; fileEncoding = 4; lastKnownFileType = sourcecode.c.objc; path = MeetupsViewController.m; sourceTree = "<group>"; };
		22CA7FF31BE526F4006C4144 /* MeetupDetailViewController.h */ = {isa = PBXFileReference; fileEncoding = 4; lastKnownFileType = sourcecode.c.h; path = MeetupDetailViewController.h; sourceTree = "<group>"; };
		22CA7FF41BE526F4006C4144 /* MeetupDetailViewController.m */ = {isa = PBXFileReference; fileEncoding = 4; lastKnownFileType = sourcecode.c.objc; path = MeetupDetailViewController.m; sourceTree = "<group>"; };
		22CA7FF61BE52715006C4144 /* ChooseMentorCollectionViewController.h */ = {isa = PBXFileReference; fileEncoding = 4; lastKnownFileType = sourcecode.c.h; path = ChooseMentorCollectionViewController.h; sourceTree = "<group>"; };
		22CA7FF71BE52715006C4144 /* ChooseMentorCollectionViewController.m */ = {isa = PBXFileReference; fileEncoding = 4; lastKnownFileType = sourcecode.c.objc; path = ChooseMentorCollectionViewController.m; sourceTree = "<group>"; };
		22CA7FF91BE52744006C4144 /* MyConnectionsTableViewController.h */ = {isa = PBXFileReference; fileEncoding = 4; lastKnownFileType = sourcecode.c.h; path = MyConnectionsTableViewController.h; sourceTree = "<group>"; };
		22CA7FFA1BE52744006C4144 /* MyConnectionsTableViewController.m */ = {isa = PBXFileReference; fileEncoding = 4; lastKnownFileType = sourcecode.c.objc; path = MyConnectionsTableViewController.m; sourceTree = "<group>"; };
		22CA7FFC1BE5275C006C4144 /* ChatViewController.h */ = {isa = PBXFileReference; fileEncoding = 4; lastKnownFileType = sourcecode.c.h; path = ChatViewController.h; sourceTree = "<group>"; };
		22CA7FFD1BE5275C006C4144 /* ChatViewController.m */ = {isa = PBXFileReference; fileEncoding = 4; lastKnownFileType = sourcecode.c.objc; path = ChatViewController.m; sourceTree = "<group>"; };
		2C16A6F4D7BE61058DD4B2E2 /* libPods.a */ = {isa = PBXFileReference; explicitFileType = archive.ar; includeInIndex = 0; path = libPods.a; sourceTree = BUILT_PRODUCTS_DIR; };
		3B77F9E71BE5112A004020E4 /* MeetupMentor.app */ = {isa = PBXFileReference; explicitFileType = wrapper.application; includeInIndex = 0; path = MeetupMentor.app; sourceTree = BUILT_PRODUCTS_DIR; };
		3B77F9EB1BE5112A004020E4 /* main.m */ = {isa = PBXFileReference; lastKnownFileType = sourcecode.c.objc; path = main.m; sourceTree = "<group>"; };
		3B77F9ED1BE5112A004020E4 /* AppDelegate.h */ = {isa = PBXFileReference; lastKnownFileType = sourcecode.c.h; path = AppDelegate.h; sourceTree = "<group>"; };
		3B77F9EE1BE5112A004020E4 /* AppDelegate.m */ = {isa = PBXFileReference; lastKnownFileType = sourcecode.c.objc; path = AppDelegate.m; sourceTree = "<group>"; };
		3B77F9F41BE5112A004020E4 /* Base */ = {isa = PBXFileReference; lastKnownFileType = file.storyboard; name = Base; path = Base.lproj/Main.storyboard; sourceTree = "<group>"; };
		3B77F9F61BE5112A004020E4 /* Assets.xcassets */ = {isa = PBXFileReference; lastKnownFileType = folder.assetcatalog; path = Assets.xcassets; sourceTree = "<group>"; };
		3B77F9F91BE5112A004020E4 /* Base */ = {isa = PBXFileReference; lastKnownFileType = file.storyboard; name = Base; path = Base.lproj/LaunchScreen.storyboard; sourceTree = "<group>"; };
		3B77F9FB1BE5112A004020E4 /* Info.plist */ = {isa = PBXFileReference; lastKnownFileType = text.plist.xml; path = Info.plist; sourceTree = "<group>"; };
		40E44ED531C23BBF9DE47B96 /* Pods.debug.xcconfig */ = {isa = PBXFileReference; includeInIndex = 1; lastKnownFileType = text.xcconfig; name = Pods.debug.xcconfig; path = "Pods/Target Support Files/Pods/Pods.debug.xcconfig"; sourceTree = "<group>"; };
		5D761C511BE528CC00262204 /* MeetupManager.h */ = {isa = PBXFileReference; fileEncoding = 4; lastKnownFileType = sourcecode.c.h; path = MeetupManager.h; sourceTree = "<group>"; };
		5D761C521BE528CC00262204 /* MeetupManager.m */ = {isa = PBXFileReference; fileEncoding = 4; lastKnownFileType = sourcecode.c.objc; path = MeetupManager.m; sourceTree = "<group>"; };
		5D761C541BE546E400262204 /* CoreLocation.framework */ = {isa = PBXFileReference; lastKnownFileType = wrapper.framework; name = CoreLocation.framework; path = System/Library/Frameworks/CoreLocation.framework; sourceTree = SDKROOT; };
		7341E06318417967568A0E84 /* Pods.release.xcconfig */ = {isa = PBXFileReference; includeInIndex = 1; lastKnownFileType = text.xcconfig; name = Pods.release.xcconfig; path = "Pods/Target Support Files/Pods/Pods.release.xcconfig"; sourceTree = "<group>"; };
/* End PBXFileReference section */

/* Begin PBXFrameworksBuildPhase section */
		3B77F9E41BE5112A004020E4 /* Frameworks */ = {
			isa = PBXFrameworksBuildPhase;
			buildActionMask = 2147483647;
			files = (
				219C20CF023BCC15A88FC526 /* libPods.a in Frameworks */,
			);
			runOnlyForDeploymentPostprocessing = 0;
		};
/* End PBXFrameworksBuildPhase section */

/* Begin PBXGroup section */
		3B77F9DE1BE5112A004020E4 = {
			isa = PBXGroup;
			children = (
				3B77F9E91BE5112A004020E4 /* MeetupMentor */,
				3B77F9E81BE5112A004020E4 /* Products */,
				E0E59502E05486CA257AB14D /* Pods */,
				CFCD7652FB3A03B0CB9898BF /* Frameworks */,
			);
			sourceTree = "<group>";
		};
		3B77F9E81BE5112A004020E4 /* Products */ = {
			isa = PBXGroup;
			children = (
				3B77F9E71BE5112A004020E4 /* MeetupMentor.app */,
			);
			name = Products;
			sourceTree = "<group>";
		};
		3B77F9E91BE5112A004020E4 /* MeetupMentor */ = {
			isa = PBXGroup;
			children = (
				3B77F9ED1BE5112A004020E4 /* AppDelegate.h */,
				3B77F9EE1BE5112A004020E4 /* AppDelegate.m */,
				5D761C511BE528CC00262204 /* MeetupManager.h */,
				5D761C521BE528CC00262204 /* MeetupManager.m */,
				22CA7FF01BE526D2006C4144 /* MeetupsViewController.h */,
				22CA7FF11BE526D2006C4144 /* MeetupsViewController.m */,
				22CA7FF31BE526F4006C4144 /* MeetupDetailViewController.h */,
				22CA7FF41BE526F4006C4144 /* MeetupDetailViewController.m */,
				22CA7FF61BE52715006C4144 /* ChooseMentorCollectionViewController.h */,
				22CA7FF71BE52715006C4144 /* ChooseMentorCollectionViewController.m */,
				22CA7FF91BE52744006C4144 /* MyConnectionsTableViewController.h */,
				22CA7FFA1BE52744006C4144 /* MyConnectionsTableViewController.m */,
				22CA7FFC1BE5275C006C4144 /* ChatViewController.h */,
				22CA7FFD1BE5275C006C4144 /* ChatViewController.m */,
				3B77F9F31BE5112A004020E4 /* Main.storyboard */,
				3B77F9F61BE5112A004020E4 /* Assets.xcassets */,
				3B77F9F81BE5112A004020E4 /* LaunchScreen.storyboard */,
				3B77F9FB1BE5112A004020E4 /* Info.plist */,
				3B77F9EA1BE5112A004020E4 /* Supporting Files */,
			);
			path = MeetupMentor;
			sourceTree = "<group>";
		};
		3B77F9EA1BE5112A004020E4 /* Supporting Files */ = {
			isa = PBXGroup;
			children = (
				3B77F9EB1BE5112A004020E4 /* main.m */,
			);
			name = "Supporting Files";
			sourceTree = "<group>";
		};
		CFCD7652FB3A03B0CB9898BF /* Frameworks */ = {
			isa = PBXGroup;
			children = (
				5D761C541BE546E400262204 /* CoreLocation.framework */,
				2C16A6F4D7BE61058DD4B2E2 /* libPods.a */,
			);
			name = Frameworks;
			sourceTree = "<group>";
		};
		E0E59502E05486CA257AB14D /* Pods */ = {
			isa = PBXGroup;
			children = (
				40E44ED531C23BBF9DE47B96 /* Pods.debug.xcconfig */,
				7341E06318417967568A0E84 /* Pods.release.xcconfig */,
			);
			name = Pods;
			sourceTree = "<group>";
		};
/* End PBXGroup section */

/* Begin PBXNativeTarget section */
		3B77F9E61BE5112A004020E4 /* MeetupMentor */ = {
			isa = PBXNativeTarget;
			buildConfigurationList = 3B77F9FE1BE5112A004020E4 /* Build configuration list for PBXNativeTarget "MeetupMentor" */;
			buildPhases = (
				BC7E4A240B6079F5890B0CFC /* Check Pods Manifest.lock */,
				3B77F9E31BE5112A004020E4 /* Sources */,
				3B77F9E41BE5112A004020E4 /* Frameworks */,
				3B77F9E51BE5112A004020E4 /* Resources */,
				1298B2BB510D2A290CFE2DBD /* Copy Pods Resources */,
			);
			buildRules = (
			);
			dependencies = (
			);
			name = MeetupMentor;
			productName = MeetupMentor;
			productReference = 3B77F9E71BE5112A004020E4 /* MeetupMentor.app */;
			productType = "com.apple.product-type.application";
		};
/* End PBXNativeTarget section */

/* Begin PBXProject section */
		3B77F9DF1BE5112A004020E4 /* Project object */ = {
			isa = PBXProject;
			attributes = {
				LastUpgradeCheck = 0710;
				ORGANIZATIONNAME = "Elber Carneiro";
				TargetAttributes = {
					3B77F9E61BE5112A004020E4 = {
						CreatedOnToolsVersion = 7.1;
						DevelopmentTeam = N2DCZ2U592;
					};
				};
			};
			buildConfigurationList = 3B77F9E21BE5112A004020E4 /* Build configuration list for PBXProject "MeetupMentor" */;
			compatibilityVersion = "Xcode 3.2";
			developmentRegion = English;
			hasScannedForEncodings = 0;
			knownRegions = (
				en,
				Base,
			);
			mainGroup = 3B77F9DE1BE5112A004020E4;
			productRefGroup = 3B77F9E81BE5112A004020E4 /* Products */;
			projectDirPath = "";
			projectRoot = "";
			targets = (
				3B77F9E61BE5112A004020E4 /* MeetupMentor */,
			);
		};
/* End PBXProject section */

/* Begin PBXResourcesBuildPhase section */
		3B77F9E51BE5112A004020E4 /* Resources */ = {
			isa = PBXResourcesBuildPhase;
			buildActionMask = 2147483647;
			files = (
				3B77F9FA1BE5112A004020E4 /* LaunchScreen.storyboard in Resources */,
				3B77F9F71BE5112A004020E4 /* Assets.xcassets in Resources */,
				3B77F9F51BE5112A004020E4 /* Main.storyboard in Resources */,
			);
			runOnlyForDeploymentPostprocessing = 0;
		};
/* End PBXResourcesBuildPhase section */

/* Begin PBXShellScriptBuildPhase section */
		1298B2BB510D2A290CFE2DBD /* Copy Pods Resources */ = {
			isa = PBXShellScriptBuildPhase;
			buildActionMask = 2147483647;
			files = (
			);
			inputPaths = (
			);
			name = "Copy Pods Resources";
			outputPaths = (
			);
			runOnlyForDeploymentPostprocessing = 0;
			shellPath = /bin/sh;
			shellScript = "\"${SRCROOT}/Pods/Target Support Files/Pods/Pods-resources.sh\"\n";
			showEnvVarsInLog = 0;
		};
		BC7E4A240B6079F5890B0CFC /* Check Pods Manifest.lock */ = {
			isa = PBXShellScriptBuildPhase;
			buildActionMask = 2147483647;
			files = (
			);
			inputPaths = (
			);
			name = "Check Pods Manifest.lock";
			outputPaths = (
			);
			runOnlyForDeploymentPostprocessing = 0;
			shellPath = /bin/sh;
			shellScript = "diff \"${PODS_ROOT}/../Podfile.lock\" \"${PODS_ROOT}/Manifest.lock\" > /dev/null\nif [[ $? != 0 ]] ; then\n    cat << EOM\nerror: The sandbox is not in sync with the Podfile.lock. Run 'pod install' or update your CocoaPods installation.\nEOM\n    exit 1\nfi\n";
			showEnvVarsInLog = 0;
		};
/* End PBXShellScriptBuildPhase section */

/* Begin PBXSourcesBuildPhase section */
		3B77F9E31BE5112A004020E4 /* Sources */ = {
			isa = PBXSourcesBuildPhase;
			buildActionMask = 2147483647;
			files = (
				3B77F9EF1BE5112A004020E4 /* AppDelegate.m in Sources */,
				22CA7FF81BE52715006C4144 /* ChooseMentorCollectionViewController.m in Sources */,
				22CA7FF51BE526F4006C4144 /* MeetupDetailViewController.m in Sources */,
				22CA7FFB1BE52744006C4144 /* MyConnectionsTableViewController.m in Sources */,
				22CA7FF21BE526D2006C4144 /* MeetupsViewController.m in Sources */,
				5D761C531BE528CC00262204 /* MeetupManager.m in Sources */,
				22CA7FFE1BE5275C006C4144 /* ChatViewController.m in Sources */,
				3B77F9EC1BE5112A004020E4 /* main.m in Sources */,
			);
			runOnlyForDeploymentPostprocessing = 0;
		};
/* End PBXSourcesBuildPhase section */

/* Begin PBXVariantGroup section */
		3B77F9F31BE5112A004020E4 /* Main.storyboard */ = {
			isa = PBXVariantGroup;
			children = (
				3B77F9F41BE5112A004020E4 /* Base */,
			);
			name = Main.storyboard;
			sourceTree = "<group>";
		};
		3B77F9F81BE5112A004020E4 /* LaunchScreen.storyboard */ = {
			isa = PBXVariantGroup;
			children = (
				3B77F9F91BE5112A004020E4 /* Base */,
			);
			name = LaunchScreen.storyboard;
			sourceTree = "<group>";
		};
/* End PBXVariantGroup section */

/* Begin XCBuildConfiguration section */
		3B77F9FC1BE5112A004020E4 /* Debug */ = {
			isa = XCBuildConfiguration;
			buildSettings = {
				ALWAYS_SEARCH_USER_PATHS = NO;
				CLANG_CXX_LANGUAGE_STANDARD = "gnu++0x";
				CLANG_CXX_LIBRARY = "libc++";
				CLANG_ENABLE_MODULES = YES;
				CLANG_ENABLE_OBJC_ARC = YES;
				CLANG_WARN_BOOL_CONVERSION = YES;
				CLANG_WARN_CONSTANT_CONVERSION = YES;
				CLANG_WARN_DIRECT_OBJC_ISA_USAGE = YES_ERROR;
				CLANG_WARN_EMPTY_BODY = YES;
				CLANG_WARN_ENUM_CONVERSION = YES;
				CLANG_WARN_INT_CONVERSION = YES;
				CLANG_WARN_OBJC_ROOT_CLASS = YES_ERROR;
				CLANG_WARN_UNREACHABLE_CODE = YES;
				CLANG_WARN__DUPLICATE_METHOD_MATCH = YES;
				"CODE_SIGN_IDENTITY[sdk=iphoneos*]" = "iPhone Developer";
				COPY_PHASE_STRIP = NO;
				DEBUG_INFORMATION_FORMAT = dwarf;
				ENABLE_STRICT_OBJC_MSGSEND = YES;
				ENABLE_TESTABILITY = YES;
				GCC_C_LANGUAGE_STANDARD = gnu99;
				GCC_DYNAMIC_NO_PIC = NO;
				GCC_NO_COMMON_BLOCKS = YES;
				GCC_OPTIMIZATION_LEVEL = 0;
				GCC_PREPROCESSOR_DEFINITIONS = (
					"DEBUG=1",
					"$(inherited)",
				);
				GCC_WARN_64_TO_32_BIT_CONVERSION = YES;
				GCC_WARN_ABOUT_RETURN_TYPE = YES_ERROR;
				GCC_WARN_UNDECLARED_SELECTOR = YES;
				GCC_WARN_UNINITIALIZED_AUTOS = YES_AGGRESSIVE;
				GCC_WARN_UNUSED_FUNCTION = YES;
				GCC_WARN_UNUSED_VARIABLE = YES;
				IPHONEOS_DEPLOYMENT_TARGET = 9.1;
				MTL_ENABLE_DEBUG_INFO = YES;
				ONLY_ACTIVE_ARCH = YES;
				SDKROOT = iphoneos;
			};
			name = Debug;
		};
		3B77F9FD1BE5112A004020E4 /* Release */ = {
			isa = XCBuildConfiguration;
			buildSettings = {
				ALWAYS_SEARCH_USER_PATHS = NO;
				CLANG_CXX_LANGUAGE_STANDARD = "gnu++0x";
				CLANG_CXX_LIBRARY = "libc++";
				CLANG_ENABLE_MODULES = YES;
				CLANG_ENABLE_OBJC_ARC = YES;
				CLANG_WARN_BOOL_CONVERSION = YES;
				CLANG_WARN_CONSTANT_CONVERSION = YES;
				CLANG_WARN_DIRECT_OBJC_ISA_USAGE = YES_ERROR;
				CLANG_WARN_EMPTY_BODY = YES;
				CLANG_WARN_ENUM_CONVERSION = YES;
				CLANG_WARN_INT_CONVERSION = YES;
				CLANG_WARN_OBJC_ROOT_CLASS = YES_ERROR;
				CLANG_WARN_UNREACHABLE_CODE = YES;
				CLANG_WARN__DUPLICATE_METHOD_MATCH = YES;
				"CODE_SIGN_IDENTITY[sdk=iphoneos*]" = "iPhone Developer";
				COPY_PHASE_STRIP = NO;
				DEBUG_INFORMATION_FORMAT = "dwarf-with-dsym";
				ENABLE_NS_ASSERTIONS = NO;
				ENABLE_STRICT_OBJC_MSGSEND = YES;
				GCC_C_LANGUAGE_STANDARD = gnu99;
				GCC_NO_COMMON_BLOCKS = YES;
				GCC_WARN_64_TO_32_BIT_CONVERSION = YES;
				GCC_WARN_ABOUT_RETURN_TYPE = YES_ERROR;
				GCC_WARN_UNDECLARED_SELECTOR = YES;
				GCC_WARN_UNINITIALIZED_AUTOS = YES_AGGRESSIVE;
				GCC_WARN_UNUSED_FUNCTION = YES;
				GCC_WARN_UNUSED_VARIABLE = YES;
				IPHONEOS_DEPLOYMENT_TARGET = 9.1;
				MTL_ENABLE_DEBUG_INFO = NO;
				SDKROOT = iphoneos;
				VALIDATE_PRODUCT = YES;
			};
			name = Release;
		};
		3B77F9FF1BE5112A004020E4 /* Debug */ = {
			isa = XCBuildConfiguration;
			baseConfigurationReference = 40E44ED531C23BBF9DE47B96 /* Pods.debug.xcconfig */;
			buildSettings = {
				ASSETCATALOG_COMPILER_APPICON_NAME = AppIcon;
				CODE_SIGN_IDENTITY = "iPhone Developer";
				"CODE_SIGN_IDENTITY[sdk=iphoneos*]" = "iPhone Developer";
				INFOPLIST_FILE = MeetupMentor/Info.plist;
				IPHONEOS_DEPLOYMENT_TARGET = 9.0;
				LD_RUNPATH_SEARCH_PATHS = "$(inherited) @executable_path/Frameworks";
				PRODUCT_BUNDLE_IDENTIFIER = com.elberdev.MeetupMentor;
				PRODUCT_NAME = "$(TARGET_NAME)";
				PROVISIONING_PROFILE = "";
			};
			name = Debug;
		};
		3B77FA001BE5112A004020E4 /* Release */ = {
			isa = XCBuildConfiguration;
			baseConfigurationReference = 7341E06318417967568A0E84 /* Pods.release.xcconfig */;
			buildSettings = {
				ASSETCATALOG_COMPILER_APPICON_NAME = AppIcon;
				CODE_SIGN_IDENTITY = "iPhone Developer";
				"CODE_SIGN_IDENTITY[sdk=iphoneos*]" = "iPhone Developer";
				INFOPLIST_FILE = MeetupMentor/Info.plist;
				IPHONEOS_DEPLOYMENT_TARGET = 9.0;
				LD_RUNPATH_SEARCH_PATHS = "$(inherited) @executable_path/Frameworks";
				PRODUCT_BUNDLE_IDENTIFIER = com.elberdev.MeetupMentor;
				PRODUCT_NAME = "$(TARGET_NAME)";
				PROVISIONING_PROFILE = "";
			};
			name = Release;
		};
/* End XCBuildConfiguration section */

/* Begin XCConfigurationList section */
		3B77F9E21BE5112A004020E4 /* Build configuration list for PBXProject "MeetupMentor" */ = {
			isa = XCConfigurationList;
			buildConfigurations = (
				3B77F9FC1BE5112A004020E4 /* Debug */,
				3B77F9FD1BE5112A004020E4 /* Release */,
			);
			defaultConfigurationIsVisible = 0;
			defaultConfigurationName = Release;
		};
		3B77F9FE1BE5112A004020E4 /* Build configuration list for PBXNativeTarget "MeetupMentor" */ = {
			isa = XCConfigurationList;
			buildConfigurations = (
				3B77F9FF1BE5112A004020E4 /* Debug */,
				3B77FA001BE5112A004020E4 /* Release */,
			);
			defaultConfigurationIsVisible = 0;
			defaultConfigurationName = Release;
		};
/* End XCConfigurationList section */
	};
	rootObject = 3B77F9DF1BE5112A004020E4 /* Project object */;
}
